<?xml version="1.0" encoding="utf-8"?>
<Project ToolsVersion="4.0" xmlns="http://schemas.microsoft.com/developer/msbuild/2003">
  <ItemGroup>
    <Filter Include="Source Files">
      <UniqueIdentifier>{4FC737F1-C7A5-4376-A066-2A32D752A2FF}</UniqueIdentifier>
      <Extensions>cpp;c;cc;cxx;def;odl;idl;hpj;bat;asm;asmx</Extensions>
    </Filter>
    <Filter Include="Header Files">
      <UniqueIdentifier>{93995380-89BD-4b04-88EB-625FBE52EBFB}</UniqueIdentifier>
      <Extensions>h;hh;hpp;hxx;hm;inl;inc;ipp;xsd</Extensions>
    </Filter>
    <Filter Include="Resource Files">
      <UniqueIdentifier>{67DA6AB6-F800-4c08-8B7A-83BB121AAD01}</UniqueIdentifier>
      <Extensions>rc;ico;cur;bmp;dlg;rc2;rct;bin;rgs;gif;jpg;jpeg;jpe;resx;tiff;tif;png;wav;mfcribbon-ms</Extensions>
    </Filter>
    <Filter Include="Source Files\ImguiSource">
      <UniqueIdentifier>{2ba45bcd-9799-4053-983d-e4b2a6f53593}</UniqueIdentifier>
    </Filter>
    <Filter Include="Header Files\NewFilter1">
      <UniqueIdentifier>{882ed9fd-474d-4cfd-b310-de1a8e778a09}</UniqueIdentifier>
    </Filter>
  </ItemGroup>
  <ItemGroup>
    <ClCompile Include="main.cpp">
      <Filter>Source Files</Filter>
    </ClCompile>
    <ClCompile Include="simpleEventGenerator.cpp">
      <Filter>Source Files</Filter>
    </ClCompile>
    <ClCompile Include="eventHandling.cpp">
      <Filter>Source Files</Filter>
    </ClCompile>
    <ClCompile Include="genericFSM.cpp">
      <Filter>Source Files</Filter>
    </ClCompile>
    <ClCompile Include="MyServer.cpp">
      <Filter>Source Files</Filter>
    </ClCompile>
    <ClCompile Include="Imgui_files\imgui.cpp">
      <Filter>Source Files\ImguiSource</Filter>
    </ClCompile>
    <ClCompile Include="Imgui_files\imgui_demo.cpp">
      <Filter>Source Files\ImguiSource</Filter>
    </ClCompile>
    <ClCompile Include="Imgui_files\imgui_draw.cpp">
      <Filter>Source Files\ImguiSource</Filter>
    </ClCompile>
    <ClCompile Include="Imgui_files\imgui_impl_allegro5.cpp">
      <Filter>Source Files\ImguiSource</Filter>
    </ClCompile>
    <ClCompile Include="Imgui_files\imgui_widgets.cpp">
      <Filter>Source Files\ImguiSource</Filter>
    </ClCompile>
    <ClCompile Include="Simulation.cpp">
      <Filter>Source Files</Filter>
    </ClCompile>
  </ItemGroup>
  <ItemGroup>
    <ClInclude Include="simpleEventGenerator.h">
      <Filter>Header Files</Filter>
    </ClInclude>
    <ClInclude Include="eventHandling.h">
      <Filter>Header Files</Filter>
    </ClInclude>
    <ClInclude Include="genericFSM.h">
      <Filter>Header Files</Filter>
    </ClInclude>
    <ClInclude Include="MyServer.h">
      <Filter>Header Files</Filter>
    </ClInclude>
    <ClInclude Include="Imgui_files\imconfig.h">
      <Filter>Header Files</Filter>
    </ClInclude>
    <ClInclude Include="Imgui_files\imgui.h">
      <Filter>Header Files</Filter>
    </ClInclude>
    <ClInclude Include="Imgui_files\imgui_impl_allegro5.h">
      <Filter>Header Files</Filter>
    </ClInclude>
    <ClInclude Include="Imgui_files\imgui_internal.h">
      <Filter>Header Files</Filter>
    </ClInclude>
    <ClInclude Include="Imgui_files\imstb_rectpack.h">
      <Filter>Header Files</Filter>
    </ClInclude>
    <ClInclude Include="Imgui_files\imstb_textedit.h">
      <Filter>Header Files</Filter>
    </ClInclude>
    <ClInclude Include="Imgui_files\imstb_truetype.h">
      <Filter>Header Files</Filter>
    </ClInclude>
    <ClInclude Include="Simulation.h">
      <Filter>Header Files</Filter>
    </ClInclude>
  </ItemGroup>
  <ItemGroup>
    <None Include="packages.config" />
  </ItemGroup>
</Project>